<?xml version="1.0" encoding="utf-8"?>
<Project ToolsVersion="4.0" xmlns="http://schemas.microsoft.com/developer/msbuild/2003">
  <ItemGroup>
    <Filter Include="Source Files">
      <UniqueIdentifier>{4FC737F1-C7A5-4376-A066-2A32D752A2FF}</UniqueIdentifier>
      <Extensions>cpp;c;cc;cxx;c++;cppm;ixx;def;odl;idl;hpj;bat;asm;asmx</Extensions>
    </Filter>
    <Filter Include="Header Files">
      <UniqueIdentifier>{93995380-89BD-4b04-88EB-625FBE52EBFB}</UniqueIdentifier>
      <Extensions>h;hh;hpp;hxx;h++;hm;inl;inc;ipp;xsd</Extensions>
    </Filter>
    <Filter Include="Resource Files">
      <UniqueIdentifier>{67DA6AB6-F800-4c08-8B7A-83BB121AAD01}</UniqueIdentifier>
      <Extensions>rc;ico;cur;bmp;dlg;rc2;rct;bin;rgs;gif;jpg;jpeg;jpe;resx;tiff;tif;png;wav;mfcribbon-ms</Extensions>
    </Filter>
  </ItemGroup>
  <ItemGroup>
    <ClCompile Include="src\main.cpp">
      <Filter>Source Files</Filter>
    </ClCompile>
    <ClCompile Include="src\Game.cpp">
      <Filter>Source Files</Filter>
    </ClCompile>
    <ClCompile Include="src\Interface\GameWindow\GameWindow.cpp">
      <Filter>Source Files</Filter>
    </ClCompile>
    <ClCompile Include="src\Interface\InputManager\InputManager.cpp">
      <Filter>Source Files</Filter>
    </ClCompile>
    <ClCompile Include="src\Topography\LocalMap\LocalMap.cpp">
      <Filter>Source Files</Filter>
    </ClCompile>
    <ClCompile Include="src\Topography\TerrainMap\TerrainMap.cpp">
      <Filter>Source Files</Filter>
    </ClCompile>
    <ClCompile Include="src\Algorithms\FieldOfView\FoV.cpp">
      <Filter>Source Files</Filter>
    </ClCompile>
    <ClCompile Include="src\Topography\MapDisplay\MapDisplay.cpp">
      <Filter>Source Files</Filter>
    </ClCompile>
    <ClCompile Include="src\GameObjects\Actors\Actor.cpp">
      <Filter>Source Files</Filter>
    </ClCompile>
    <ClCompile Include="src\Scene\TurnQueue\TurnQueue.cpp">
      <Filter>Source Files</Filter>
    </ClCompile>
    <ClCompile Include="src\GameObjects\Items\Item.cpp">
      <Filter>Source Files</Filter>
    </ClCompile>
    <ClCompile Include="src\Scene\ActorPool\ActorPool.cpp">
      <Filter>Source Files</Filter>
    </ClCompile>
    <ClCompile Include="src\Scene\Scene.cpp">
      <Filter>Source Files</Filter>
    </ClCompile>
    <ClCompile Include="src\Algorithms\Terrain Generation\TerrainGenerators.cpp">
      <Filter>Source Files</Filter>
    </ClCompile>
    <ClCompile Include="src\Scene\ActorManager\ActorManager.cpp">
      <Filter>Source Files</Filter>
    </ClCompile>
    <ClCompile Include="src\Scene\ActorManager\AIStateLogic.cpp">
      <Filter>Source Files</Filter>
    </ClCompile>
    <ClCompile Include="src\GameObjects\Actors\AI.cpp">
      <Filter>Source Files</Filter>
    </ClCompile>
    <ClCompile Include="src\Algorithms\Pathfinding\Pathfinding.cpp">
      <Filter>Source Files</Filter>
    </ClCompile>
    <ClCompile Include="src\Algorithms\Pathfinding\PathfindingRoute.cpp">
      <Filter>Source Files</Filter>
    </ClCompile>
    <ClCompile Include="src\GameLog\GameLog.cpp">
      <Filter>Source Files</Filter>
    </ClCompile>
    <ClCompile Include="src\DebugLogger\DebugLogger.cpp">
      <Filter>Source Files</Filter>
    </ClCompile>
    <ClCompile Include="src\GraphicsThings\GraphicsThings.cpp">
      <Filter>Source Files</Filter>
    </ClCompile>
    <ClCompile Include="src\UIScreens\MapUI\MapUI.cpp">
      <Filter>Source Files</Filter>
    </ClCompile>
    <ClCompile Include="src\UIScreens\MessagesUI\MessagesUI.cpp">
      <Filter>Source Files</Filter>
    </ClCompile>
    <ClCompile Include="src\UIScreens\UIHelpers\TextRenderer.cpp">
      <Filter>Source Files</Filter>
    </ClCompile>
  </ItemGroup>
  <ItemGroup>
    <ClInclude Include="src\Game.h">
      <Filter>Header Files</Filter>
    </ClInclude>
    <ClInclude Include="src\Interface\GameWindow\GameWindow.h">
      <Filter>Header Files</Filter>
    </ClInclude>
    <ClInclude Include="src\Components\Renderable.h">
      <Filter>Header Files</Filter>
    </ClInclude>
    <ClInclude Include="src\Interface\InputManager\InputManager.h">
      <Filter>Header Files</Filter>
    </ClInclude>
    <ClInclude Include="src\Enums\PlayerCommands.h">
      <Filter>Header Files</Filter>
    </ClInclude>
    <ClInclude Include="src\Enums\AsciiSymbols.h">
      <Filter>Header Files</Filter>
    </ClInclude>
    <ClInclude Include="src\Topography\TerrainMap\TerrainMap.h">
      <Filter>Header Files</Filter>
    </ClInclude>
    <ClInclude Include="src\Algorithms\FieldOfView\FoV.h">
      <Filter>Header Files</Filter>
    </ClInclude>
    <ClInclude Include="src\Topography\LocalMap\LocalMap.h">
      <Filter>Header Files</Filter>
    </ClInclude>
    <ClInclude Include="src\Topography\MapDisplay\MapDisplay.h">
      <Filter>Header Files</Filter>
    </ClInclude>
    <ClInclude Include="src\GameObjects\Actors\Actor.h">
      <Filter>Header Files</Filter>
    </ClInclude>
    <ClInclude Include="src\GameObjects\Actors\AI.h">
      <Filter>Header Files</Filter>
    </ClInclude>
    <ClInclude Include="src\GameObjects\GeneralComponents\Description.h">
      <Filter>Header Files</Filter>
    </ClInclude>
    <ClInclude Include="src\GameObjects\Abilities\Ability.h">
      <Filter>Header Files</Filter>
    </ClInclude>
    <ClInclude Include="src\GameObjects\Items\Item.h">
      <Filter>Header Files</Filter>
    </ClInclude>
    <ClInclude Include="src\Scene\ActorPool\ActorPool.h">
      <Filter>Header Files</Filter>
    </ClInclude>
    <ClInclude Include="src\Scene\TurnQueue\TurnQueue.h">
      <Filter>Header Files</Filter>
    </ClInclude>
    <ClInclude Include="src\Scene\Scene.h">
      <Filter>Header Files</Filter>
    </ClInclude>
    <ClInclude Include="src\Enums\TurnTime.h">
      <Filter>Header Files</Filter>
    </ClInclude>
    <ClInclude Include="src\Algorithms\Terrain Generation\TerrainGenerators.h">
      <Filter>Header Files</Filter>
    </ClInclude>
    <ClInclude Include="src\Scene\ActorManager\ActorManager.h">
      <Filter>Header Files</Filter>
    </ClInclude>
    <ClInclude Include="src\Algorithms\Pathfinding\Pathfinding.h">
      <Filter>Header Files</Filter>
    </ClInclude>
    <ClInclude Include="src\Algorithms\Pathfinding\PathfindingRoute.h">
      <Filter>Header Files</Filter>
    </ClInclude>
    <ClInclude Include="src\GameObjects\TileCoordinates.h">
      <Filter>Header Files</Filter>
    </ClInclude>
    <ClInclude Include="src\GameLog\GameLog.h">
      <Filter>Header Files</Filter>
    </ClInclude>
    <ClInclude Include="src\DebugLogger\DebugLogger.h">
      <Filter>Header Files</Filter>
    </ClInclude>
    <ClInclude Include="src\GraphicsThings\ColorMap.h">
      <Filter>Header Files</Filter>
    </ClInclude>
    <ClInclude Include="src\GraphicsThings\TileDisplay.h">
      <Filter>Header Files</Filter>
    </ClInclude>
    <ClInclude Include="src\GraphicsThings\MyColor.h">
      <Filter>Header Files</Filter>
    </ClInclude>
    <ClInclude Include="src\GraphicsThings\Palette.h">
      <Filter>Header Files</Filter>
    </ClInclude>
    <ClInclude Include="src\UIScreens\MapUI\MapUI.h">
      <Filter>Header Files</Filter>
    </ClInclude>
    <ClInclude Include="src\UIScreens\MessagesUI\MessagesUI.h">
      <Filter>Header Files</Filter>
    </ClInclude>
    <ClInclude Include="src\UIScreens\UIHelpers\TextRenderer.h">
      <Filter>Header Files</Filter>
    </ClInclude>
  </ItemGroup>
  <ItemGroup>
    <Image Include="assets\CGA8x8thin.png">
      <Filter>Resource Files</Filter>
    </Image>
  </ItemGroup>
  <ItemGroup>
    <Text Include="plans.txt" />
    <Text Include="game_files\message_log.txt" />
    <Text Include="game_files\debug_log.txt" />
  </ItemGroup>
</Project>